
Microsoft Visual Studio Solution File, Format Version 12.00
# Visual Studio Version 17
VisualStudioVersion = 17.0.31521.260
MinimumVisualStudioVersion = 10.0.40219.1
Project("{FAE04EC0-301F-11D3-BF4B-00C04F79EFBC}") = "Mi.UserCenter", "Mi.UserCenter\Mi.UserCenter.csproj", "{06FE7F46-3A48-4B83-A68F-805E2739C669}"
EndProject
Project("{FAE04EC0-301F-11D3-BF4B-00C04F79EFBC}") = "Mi.Daily", "Mi.Daily\Mi.Daily.csproj", "{EDE1AEBB-9E5F-4850-96F9-D0D4BFFD390A}"
EndProject
Project("{FAE04EC0-301F-11D3-BF4B-00C04F79EFBC}") = "Mi.Common", "Mi.Common\Mi.Common.csproj", "{AD636136-40D4-4CDD-9834-5A2305B96CB4}"
EndProject
Project("{FAE04EC0-301F-11D3-BF4B-00C04F79EFBC}") = "Mi.IService", "Mi.IService\Mi.IService.csproj", "{44177846-01E7-4D18-B4DA-57C9F1FE5B99}"
EndProject
Project("{2150E333-8FDC-42A3-9474-1A3956D46DE8}") = "API", "API", "{75D99552-5EA0-4052-95B0-1C180E20A428}"
EndProject
Project("{2150E333-8FDC-42A3-9474-1A3956D46DE8}") = "Application", "Application", "{0B8A5017-4F2B-4304-A5A0-46F08BA37729}"
EndProject
Project("{2150E333-8FDC-42A3-9474-1A3956D46DE8}") = "Repositonry", "Repositonry", "{2E87647A-A7D9-4199-B30E-DC4BCED00C48}"
EndProject
Project("{2150E333-8FDC-42A3-9474-1A3956D46DE8}") = "Infrastructure", "Infrastructure", "{DD0E7A35-4FBA-4877-B50F-FC460E28F2DB}"
EndProject
Project("{2150E333-8FDC-42A3-9474-1A3956D46DE8}") = "Entity", "Entity", "{929327DB-6907-47E5-9888-F1BE15169D67}"
EndProject
Project("{FAE04EC0-301F-11D3-BF4B-00C04F79EFBC}") = "Mi.Service", "Mi.Service\Mi.Service.csproj", "{37895F9B-5AB4-4FA5-A3A6-D5A039B50880}"
EndProject
Project("{FAE04EC0-301F-11D3-BF4B-00C04F79EFBC}") = "Mi.Entity", "Mi.Entity\Mi.Entity.csproj", "{FBE44BB6-F349-450A-A317-2DC195FD6C7C}"
EndProject
Project("{FAE04EC0-301F-11D3-BF4B-00C04F79EFBC}") = "Mi.Models", "Mi.Models\Mi.Models.csproj", "{2F86DAC1-AC8B-4D21-ACD6-EBF6B2A6FE66}"
EndProject
Project("{FAE04EC0-301F-11D3-BF4B-00C04F79EFBC}") = "Mi.IRepositonry", "Mi.IRepositonry\Mi.IRepositonry.csproj", "{8BB0E8C3-C45F-4D55-800A-311F61A48AD2}"
EndProject
Project("{FAE04EC0-301F-11D3-BF4B-00C04F79EFBC}") = "Mi.Repositonry.MySql", "Mi.Repositonry.MySql\Mi.Repositonry.MySql.csproj", "{90603FE5-FC9D-4726-A43F-A3CFA0433FE9}"
EndProject
Project("{2150E333-8FDC-42A3-9474-1A3956D46DE8}") = "UI", "UI", "{83C6D70A-0B0A-4995-89F3-BA24F248CBA8}"
EndProject
Global
	GlobalSection(SolutionConfigurationPlatforms) = preSolution
		Debug|Any CPU = Debug|Any CPU
		Release|Any CPU = Release|Any CPU
	EndGlobalSection
	GlobalSection(ProjectConfigurationPlatforms) = postSolution
		{06FE7F46-3A48-4B83-A68F-805E2739C669}.Debug|Any CPU.ActiveCfg = Debug|Any CPU
		{06FE7F46-3A48-4B83-A68F-805E2739C669}.Debug|Any CPU.Build.0 = Debug|Any CPU
		{06FE7F46-3A48-4B83-A68F-805E2739C669}.Release|Any CPU.ActiveCfg = Release|Any CPU
		{06FE7F46-3A48-4B83-A68F-805E2739C669}.Release|Any CPU.Build.0 = Release|Any CPU
		{EDE1AEBB-9E5F-4850-96F9-D0D4BFFD390A}.Debug|Any CPU.ActiveCfg = Debug|Any CPU
		{EDE1AEBB-9E5F-4850-96F9-D0D4BFFD390A}.Debug|Any CPU.Build.0 = Debug|Any CPU
		{EDE1AEBB-9E5F-4850-96F9-D0D4BFFD390A}.Release|Any CPU.ActiveCfg = Release|Any CPU
		{EDE1AEBB-9E5F-4850-96F9-D0D4BFFD390A}.Release|Any CPU.Build.0 = Release|Any CPU
		{AD636136-40D4-4CDD-9834-5A2305B96CB4}.Debug|Any CPU.ActiveCfg = Debug|Any CPU
		{AD636136-40D4-4CDD-9834-5A2305B96CB4}.Debug|Any CPU.Build.0 = Debug|Any CPU
		{AD636136-40D4-4CDD-9834-5A2305B96CB4}.Release|Any CPU.ActiveCfg = Release|Any CPU
		{AD636136-40D4-4CDD-9834-5A2305B96CB4}.Release|Any CPU.Build.0 = Release|Any CPU
		{44177846-01E7-4D18-B4DA-57C9F1FE5B99}.Debug|Any CPU.ActiveCfg = Debug|Any CPU
		{44177846-01E7-4D18-B4DA-57C9F1FE5B99}.Debug|Any CPU.Build.0 = Debug|Any CPU
		{44177846-01E7-4D18-B4DA-57C9F1FE5B99}.Release|Any CPU.ActiveCfg = Release|Any CPU
		{44177846-01E7-4D18-B4DA-57C9F1FE5B99}.Release|Any CPU.Build.0 = Release|Any CPU
		{37895F9B-5AB4-4FA5-A3A6-D5A039B50880}.Debug|Any CPU.ActiveCfg = Debug|Any CPU
		{37895F9B-5AB4-4FA5-A3A6-D5A039B50880}.Debug|Any CPU.Build.0 = Debug|Any CPU
		{37895F9B-5AB4-4FA5-A3A6-D5A039B50880}.Release|Any CPU.ActiveCfg = Release|Any CPU
		{37895F9B-5AB4-4FA5-A3A6-D5A039B50880}.Release|Any CPU.Build.0 = Release|Any CPU
		{FBE44BB6-F349-450A-A317-2DC195FD6C7C}.Debug|Any CPU.ActiveCfg = Debug|Any CPU
		{FBE44BB6-F349-450A-A317-2DC195FD6C7C}.Debug|Any CPU.Build.0 = Debug|Any CPU
		{FBE44BB6-F349-450A-A317-2DC195FD6C7C}.Release|Any CPU.ActiveCfg = Release|Any CPU
		{FBE44BB6-F349-450A-A317-2DC195FD6C7C}.Release|Any CPU.Build.0 = Release|Any CPU
		{2F86DAC1-AC8B-4D21-ACD6-EBF6B2A6FE66}.Debug|Any CPU.ActiveCfg = Debug|Any CPU
		{2F86DAC1-AC8B-4D21-ACD6-EBF6B2A6FE66}.Debug|Any CPU.Build.0 = Debug|Any CPU
		{2F86DAC1-AC8B-4D21-ACD6-EBF6B2A6FE66}.Release|Any CPU.ActiveCfg = Release|Any CPU
		{2F86DAC1-AC8B-4D21-ACD6-EBF6B2A6FE66}.Release|Any CPU.Build.0 = Release|Any CPU
		{8BB0E8C3-C45F-4D55-800A-311F61A48AD2}.Debug|Any CPU.ActiveCfg = Debug|Any CPU
		{8BB0E8C3-C45F-4D55-800A-311F61A48AD2}.Debug|Any CPU.Build.0 = Debug|Any CPU
		{8BB0E8C3-C45F-4D55-800A-311F61A48AD2}.Release|Any CPU.ActiveCfg = Release|Any CPU
		{8BB0E8C3-C45F-4D55-800A-311F61A48AD2}.Release|Any CPU.Build.0 = Release|Any CPU
		{90603FE5-FC9D-4726-A43F-A3CFA0433FE9}.Debug|Any CPU.ActiveCfg = Debug|Any CPU
		{90603FE5-FC9D-4726-A43F-A3CFA0433FE9}.Debug|Any CPU.Build.0 = Debug|Any CPU
		{90603FE5-FC9D-4726-A43F-A3CFA0433FE9}.Release|Any CPU.ActiveCfg = Release|Any CPU
		{90603FE5-FC9D-4726-A43F-A3CFA0433FE9}.Release|Any CPU.Build.0 = Release|Any CPU
	EndGlobalSection
	GlobalSection(SolutionProperties) = preSolution
		HideSolutionNode = FALSE
	EndGlobalSection
	GlobalSection(NestedProjects) = preSolution
		{06FE7F46-3A48-4B83-A68F-805E2739C669} = {75D99552-5EA0-4052-95B0-1C180E20A428}
		{EDE1AEBB-9E5F-4850-96F9-D0D4BFFD390A} = {75D99552-5EA0-4052-95B0-1C180E20A428}
		{AD636136-40D4-4CDD-9834-5A2305B96CB4} = {DD0E7A35-4FBA-4877-B50F-FC460E28F2DB}
		{44177846-01E7-4D18-B4DA-57C9F1FE5B99} = {0B8A5017-4F2B-4304-A5A0-46F08BA37729}
		{37895F9B-5AB4-4FA5-A3A6-D5A039B50880} = {0B8A5017-4F2B-4304-A5A0-46F08BA37729}
		{FBE44BB6-F349-450A-A317-2DC195FD6C7C} = {929327DB-6907-47E5-9888-F1BE15169D67}
		{2F86DAC1-AC8B-4D21-ACD6-EBF6B2A6FE66} = {929327DB-6907-47E5-9888-F1BE15169D67}
		{8BB0E8C3-C45F-4D55-800A-311F61A48AD2} = {2E87647A-A7D9-4199-B30E-DC4BCED00C48}
		{90603FE5-FC9D-4726-A43F-A3CFA0433FE9} = {2E87647A-A7D9-4199-B30E-DC4BCED00C48}
	EndGlobalSection
	GlobalSection(ExtensibilityGlobals) = postSolution
		SolutionGuid = {D8BE01DA-8DD6-4578-83E1-E798DA48FAFC}
	EndGlobalSection
EndGlobal
